
Microsoft Visual Studio Solution File, Format Version 12.00
Project("{F2A71F9B-5D33-465A-A702-920D77279786}") = "task_4", "task_4\task_4.fsproj", "{7ECD7659-CD22-4946-9894-92A319DA59F9}"
EndProject
Project("{F2A71F9B-5D33-465A-A702-920D77279786}") = "task_5", "task_5\task_5.fsproj", "{BAC07560-5C83-4F62-9357-E560635383A3}"
EndProject
Project("{F2A71F9B-5D33-465A-A702-920D77279786}") = "task_6", "task_6\task_6.fsproj", "{66C49A5D-9972-4C4E-940D-B5C11A165A26}"
EndProject
Project("{F2A71F9B-5D33-465A-A702-920D77279786}") = "task_7", "task_7\task_7.fsproj", "{8F929D77-3BCF-4C02-A71C-2682D2547260}"
EndProject
Global
	GlobalSection(SolutionConfigurationPlatforms) = preSolution
		Debug|Any CPU = Debug|Any CPU
		Release|Any CPU = Release|Any CPU
	EndGlobalSection
	GlobalSection(ProjectConfigurationPlatforms) = postSolution
		{7ECD7659-CD22-4946-9894-92A319DA59F9}.Debug|Any CPU.ActiveCfg = Debug|Any CPU
		{7ECD7659-CD22-4946-9894-92A319DA59F9}.Debug|Any CPU.Build.0 = Debug|Any CPU
		{7ECD7659-CD22-4946-9894-92A319DA59F9}.Release|Any CPU.ActiveCfg = Release|Any CPU
		{7ECD7659-CD22-4946-9894-92A319DA59F9}.Release|Any CPU.Build.0 = Release|Any CPU
		{BAC07560-5C83-4F62-9357-E560635383A3}.Debug|Any CPU.ActiveCfg = Debug|Any CPU
		{BAC07560-5C83-4F62-9357-E560635383A3}.Debug|Any CPU.Build.0 = Debug|Any CPU
		{BAC07560-5C83-4F62-9357-E560635383A3}.Release|Any CPU.ActiveCfg = Release|Any CPU
		{BAC07560-5C83-4F62-9357-E560635383A3}.Release|Any CPU.Build.0 = Release|Any CPU
		{66C49A5D-9972-4C4E-940D-B5C11A165A26}.Debug|Any CPU.ActiveCfg = Debug|Any CPU
		{66C49A5D-9972-4C4E-940D-B5C11A165A26}.Debug|Any CPU.Build.0 = Debug|Any CPU
		{66C49A5D-9972-4C4E-940D-B5C11A165A26}.Release|Any CPU.ActiveCfg = Release|Any CPU
		{66C49A5D-9972-4C4E-940D-B5C11A165A26}.Release|Any CPU.Build.0 = Release|Any CPU
		{8F929D77-3BCF-4C02-A71C-2682D2547260}.Debug|Any CPU.ActiveCfg = Debug|Any CPU
		{8F929D77-3BCF-4C02-A71C-2682D2547260}.Debug|Any CPU.Build.0 = Debug|Any CPU
		{8F929D77-3BCF-4C02-A71C-2682D2547260}.Release|Any CPU.ActiveCfg = Release|Any CPU
		{8F929D77-3BCF-4C02-A71C-2682D2547260}.Release|Any CPU.Build.0 = Release|Any CPU
	EndGlobalSection
EndGlobal
