
Microsoft Visual Studio Solution File, Format Version 12.00
# Visual Studio Version 16
VisualStudioVersion = 16.0.31624.102
MinimumVisualStudioVersion = 10.0.40219.1
Project("{6EC3EE1D-3C4E-46DD-8F32-0CC8E7565705}") = "task_11", "task_11\task_11.fsproj", "{E20B605B-C973-4DD8-A0BD-AD7CAB8BA913}"
EndProject
Project("{6EC3EE1D-3C4E-46DD-8F32-0CC8E7565705}") = "task_12", "task_12\task_12.fsproj", "{209866E6-3514-4AA6-B833-900569A2FB3D}"
EndProject
Project("{6EC3EE1D-3C4E-46DD-8F32-0CC8E7565705}") = "task_13", "task_13\task_13.fsproj", "{395E03E4-7380-46BB-AA0A-053192FEFC0D}"
EndProject
Project("{6EC3EE1D-3C4E-46DD-8F32-0CC8E7565705}") = "task_14", "task_14\task_14.fsproj", "{BD53D2E6-8ED1-4885-BB80-7EC546A79AA9}"
EndProject
Project("{6EC3EE1D-3C4E-46DD-8F32-0CC8E7565705}") = "task_15_16", "task_15_16\task_15_16.fsproj", "{C2808B27-B427-4B1E-936A-CC1B21024500}"
EndProject
Project("{6EC3EE1D-3C4E-46DD-8F32-0CC8E7565705}") = "task_17", "task_17\task_17.fsproj", "{660618EF-ABB0-4BAC-BC29-BD5A046A0A2D}"
EndProject
Project("{6EC3EE1D-3C4E-46DD-8F32-0CC8E7565705}") = "task_18_1_2_3", "task_18_1_2_3\task_18_1_2_3.fsproj", "{6555E7DD-26D6-483D-B070-45700EE185F9}"
EndProject
Project("{6EC3EE1D-3C4E-46DD-8F32-0CC8E7565705}") = "task_19", "task_19\task_19.fsproj", "{C1E988B7-1A56-4485-8247-9B890BF900BE}"
EndProject
Project("{6EC3EE1D-3C4E-46DD-8F32-0CC8E7565705}") = "task_20", "task_20\task_20.fsproj", "{4EE9F89F-2FF2-49F5-BC88-B45A69624DD4}"
	ProjectSection(ProjectDependencies) = postProject
		{C1E988B7-1A56-4485-8247-9B890BF900BE} = {C1E988B7-1A56-4485-8247-9B890BF900BE}
	EndProjectSection
EndProject
Global
	GlobalSection(SolutionConfigurationPlatforms) = preSolution
		Debug|Any CPU = Debug|Any CPU
		Debug|x64 = Debug|x64
		Debug|x86 = Debug|x86
		Release|Any CPU = Release|Any CPU
		Release|x64 = Release|x64
		Release|x86 = Release|x86
	EndGlobalSection
	GlobalSection(ProjectConfigurationPlatforms) = postSolution
		{E20B605B-C973-4DD8-A0BD-AD7CAB8BA913}.Debug|Any CPU.ActiveCfg = Debug|Any CPU
		{E20B605B-C973-4DD8-A0BD-AD7CAB8BA913}.Debug|Any CPU.Build.0 = Debug|Any CPU
		{E20B605B-C973-4DD8-A0BD-AD7CAB8BA913}.Debug|x64.ActiveCfg = Debug|Any CPU
		{E20B605B-C973-4DD8-A0BD-AD7CAB8BA913}.Debug|x64.Build.0 = Debug|Any CPU
		{E20B605B-C973-4DD8-A0BD-AD7CAB8BA913}.Debug|x86.ActiveCfg = Debug|Any CPU
		{E20B605B-C973-4DD8-A0BD-AD7CAB8BA913}.Debug|x86.Build.0 = Debug|Any CPU
		{E20B605B-C973-4DD8-A0BD-AD7CAB8BA913}.Release|Any CPU.ActiveCfg = Release|Any CPU
		{E20B605B-C973-4DD8-A0BD-AD7CAB8BA913}.Release|Any CPU.Build.0 = Release|Any CPU
		{E20B605B-C973-4DD8-A0BD-AD7CAB8BA913}.Release|x64.ActiveCfg = Release|Any CPU
		{E20B605B-C973-4DD8-A0BD-AD7CAB8BA913}.Release|x64.Build.0 = Release|Any CPU
		{E20B605B-C973-4DD8-A0BD-AD7CAB8BA913}.Release|x86.ActiveCfg = Release|Any CPU
		{E20B605B-C973-4DD8-A0BD-AD7CAB8BA913}.Release|x86.Build.0 = Release|Any CPU
		{209866E6-3514-4AA6-B833-900569A2FB3D}.Debug|Any CPU.ActiveCfg = Debug|Any CPU
		{209866E6-3514-4AA6-B833-900569A2FB3D}.Debug|Any CPU.Build.0 = Debug|Any CPU
		{209866E6-3514-4AA6-B833-900569A2FB3D}.Debug|x64.ActiveCfg = Debug|Any CPU
		{209866E6-3514-4AA6-B833-900569A2FB3D}.Debug|x64.Build.0 = Debug|Any CPU
		{209866E6-3514-4AA6-B833-900569A2FB3D}.Debug|x86.ActiveCfg = Debug|Any CPU
		{209866E6-3514-4AA6-B833-900569A2FB3D}.Debug|x86.Build.0 = Debug|Any CPU
		{209866E6-3514-4AA6-B833-900569A2FB3D}.Release|Any CPU.ActiveCfg = Release|Any CPU
		{209866E6-3514-4AA6-B833-900569A2FB3D}.Release|Any CPU.Build.0 = Release|Any CPU
		{209866E6-3514-4AA6-B833-900569A2FB3D}.Release|x64.ActiveCfg = Release|Any CPU
		{209866E6-3514-4AA6-B833-900569A2FB3D}.Release|x64.Build.0 = Release|Any CPU
		{209866E6-3514-4AA6-B833-900569A2FB3D}.Release|x86.ActiveCfg = Release|Any CPU
		{209866E6-3514-4AA6-B833-900569A2FB3D}.Release|x86.Build.0 = Release|Any CPU
		{395E03E4-7380-46BB-AA0A-053192FEFC0D}.Debug|Any CPU.ActiveCfg = Debug|Any CPU
		{395E03E4-7380-46BB-AA0A-053192FEFC0D}.Debug|Any CPU.Build.0 = Debug|Any CPU
		{395E03E4-7380-46BB-AA0A-053192FEFC0D}.Debug|x64.ActiveCfg = Debug|Any CPU
		{395E03E4-7380-46BB-AA0A-053192FEFC0D}.Debug|x64.Build.0 = Debug|Any CPU
		{395E03E4-7380-46BB-AA0A-053192FEFC0D}.Debug|x86.ActiveCfg = Debug|Any CPU
		{395E03E4-7380-46BB-AA0A-053192FEFC0D}.Debug|x86.Build.0 = Debug|Any CPU
		{395E03E4-7380-46BB-AA0A-053192FEFC0D}.Release|Any CPU.ActiveCfg = Release|Any CPU
		{395E03E4-7380-46BB-AA0A-053192FEFC0D}.Release|Any CPU.Build.0 = Release|Any CPU
		{395E03E4-7380-46BB-AA0A-053192FEFC0D}.Release|x64.ActiveCfg = Release|Any CPU
		{395E03E4-7380-46BB-AA0A-053192FEFC0D}.Release|x64.Build.0 = Release|Any CPU
		{395E03E4-7380-46BB-AA0A-053192FEFC0D}.Release|x86.ActiveCfg = Release|Any CPU
		{395E03E4-7380-46BB-AA0A-053192FEFC0D}.Release|x86.Build.0 = Release|Any CPU
		{BD53D2E6-8ED1-4885-BB80-7EC546A79AA9}.Debug|Any CPU.ActiveCfg = Debug|Any CPU
		{BD53D2E6-8ED1-4885-BB80-7EC546A79AA9}.Debug|Any CPU.Build.0 = Debug|Any CPU
		{BD53D2E6-8ED1-4885-BB80-7EC546A79AA9}.Debug|x64.ActiveCfg = Debug|Any CPU
		{BD53D2E6-8ED1-4885-BB80-7EC546A79AA9}.Debug|x64.Build.0 = Debug|Any CPU
		{BD53D2E6-8ED1-4885-BB80-7EC546A79AA9}.Debug|x86.ActiveCfg = Debug|Any CPU
		{BD53D2E6-8ED1-4885-BB80-7EC546A79AA9}.Debug|x86.Build.0 = Debug|Any CPU
		{BD53D2E6-8ED1-4885-BB80-7EC546A79AA9}.Release|Any CPU.ActiveCfg = Release|Any CPU
		{BD53D2E6-8ED1-4885-BB80-7EC546A79AA9}.Release|Any CPU.Build.0 = Release|Any CPU
		{BD53D2E6-8ED1-4885-BB80-7EC546A79AA9}.Release|x64.ActiveCfg = Release|Any CPU
		{BD53D2E6-8ED1-4885-BB80-7EC546A79AA9}.Release|x64.Build.0 = Release|Any CPU
		{BD53D2E6-8ED1-4885-BB80-7EC546A79AA9}.Release|x86.ActiveCfg = Release|Any CPU
		{BD53D2E6-8ED1-4885-BB80-7EC546A79AA9}.Release|x86.Build.0 = Release|Any CPU
		{C2808B27-B427-4B1E-936A-CC1B21024500}.Debug|Any CPU.ActiveCfg = Debug|Any CPU
		{C2808B27-B427-4B1E-936A-CC1B21024500}.Debug|Any CPU.Build.0 = Debug|Any CPU
		{C2808B27-B427-4B1E-936A-CC1B21024500}.Debug|x64.ActiveCfg = Debug|Any CPU
		{C2808B27-B427-4B1E-936A-CC1B21024500}.Debug|x64.Build.0 = Debug|Any CPU
		{C2808B27-B427-4B1E-936A-CC1B21024500}.Debug|x86.ActiveCfg = Debug|Any CPU
		{C2808B27-B427-4B1E-936A-CC1B21024500}.Debug|x86.Build.0 = Debug|Any CPU
		{C2808B27-B427-4B1E-936A-CC1B21024500}.Release|Any CPU.ActiveCfg = Release|Any CPU
		{C2808B27-B427-4B1E-936A-CC1B21024500}.Release|Any CPU.Build.0 = Release|Any CPU
		{C2808B27-B427-4B1E-936A-CC1B21024500}.Release|x64.ActiveCfg = Release|Any CPU
		{C2808B27-B427-4B1E-936A-CC1B21024500}.Release|x64.Build.0 = Release|Any CPU
		{C2808B27-B427-4B1E-936A-CC1B21024500}.Release|x86.ActiveCfg = Release|Any CPU
		{C2808B27-B427-4B1E-936A-CC1B21024500}.Release|x86.Build.0 = Release|Any CPU
		{660618EF-ABB0-4BAC-BC29-BD5A046A0A2D}.Debug|Any CPU.ActiveCfg = Debug|Any CPU
		{660618EF-ABB0-4BAC-BC29-BD5A046A0A2D}.Debug|Any CPU.Build.0 = Debug|Any CPU
		{660618EF-ABB0-4BAC-BC29-BD5A046A0A2D}.Debug|x64.ActiveCfg = Debug|Any CPU
		{660618EF-ABB0-4BAC-BC29-BD5A046A0A2D}.Debug|x64.Build.0 = Debug|Any CPU
		{660618EF-ABB0-4BAC-BC29-BD5A046A0A2D}.Debug|x86.ActiveCfg = Debug|Any CPU
		{660618EF-ABB0-4BAC-BC29-BD5A046A0A2D}.Debug|x86.Build.0 = Debug|Any CPU
		{660618EF-ABB0-4BAC-BC29-BD5A046A0A2D}.Release|Any CPU.ActiveCfg = Release|Any CPU
		{660618EF-ABB0-4BAC-BC29-BD5A046A0A2D}.Release|Any CPU.Build.0 = Release|Any CPU
		{660618EF-ABB0-4BAC-BC29-BD5A046A0A2D}.Release|x64.ActiveCfg = Release|Any CPU
		{660618EF-ABB0-4BAC-BC29-BD5A046A0A2D}.Release|x64.Build.0 = Release|Any CPU
		{660618EF-ABB0-4BAC-BC29-BD5A046A0A2D}.Release|x86.ActiveCfg = Release|Any CPU
		{660618EF-ABB0-4BAC-BC29-BD5A046A0A2D}.Release|x86.Build.0 = Release|Any CPU
		{6555E7DD-26D6-483D-B070-45700EE185F9}.Debug|Any CPU.ActiveCfg = Debug|Any CPU
		{6555E7DD-26D6-483D-B070-45700EE185F9}.Debug|Any CPU.Build.0 = Debug|Any CPU
		{6555E7DD-26D6-483D-B070-45700EE185F9}.Debug|x64.ActiveCfg = Debug|Any CPU
		{6555E7DD-26D6-483D-B070-45700EE185F9}.Debug|x64.Build.0 = Debug|Any CPU
		{6555E7DD-26D6-483D-B070-45700EE185F9}.Debug|x86.ActiveCfg = Debug|Any CPU
		{6555E7DD-26D6-483D-B070-45700EE185F9}.Debug|x86.Build.0 = Debug|Any CPU
		{6555E7DD-26D6-483D-B070-45700EE185F9}.Release|Any CPU.ActiveCfg = Release|Any CPU
		{6555E7DD-26D6-483D-B070-45700EE185F9}.Release|Any CPU.Build.0 = Release|Any CPU
		{6555E7DD-26D6-483D-B070-45700EE185F9}.Release|x64.ActiveCfg = Release|Any CPU
		{6555E7DD-26D6-483D-B070-45700EE185F9}.Release|x64.Build.0 = Release|Any CPU
		{6555E7DD-26D6-483D-B070-45700EE185F9}.Release|x86.ActiveCfg = Release|Any CPU
		{6555E7DD-26D6-483D-B070-45700EE185F9}.Release|x86.Build.0 = Release|Any CPU
		{C1E988B7-1A56-4485-8247-9B890BF900BE}.Debug|Any CPU.ActiveCfg = Debug|Any CPU
		{C1E988B7-1A56-4485-8247-9B890BF900BE}.Debug|Any CPU.Build.0 = Debug|Any CPU
		{C1E988B7-1A56-4485-8247-9B890BF900BE}.Debug|x64.ActiveCfg = Debug|Any CPU
		{C1E988B7-1A56-4485-8247-9B890BF900BE}.Debug|x64.Build.0 = Debug|Any CPU
		{C1E988B7-1A56-4485-8247-9B890BF900BE}.Debug|x86.ActiveCfg = Debug|Any CPU
		{C1E988B7-1A56-4485-8247-9B890BF900BE}.Debug|x86.Build.0 = Debug|Any CPU
		{C1E988B7-1A56-4485-8247-9B890BF900BE}.Release|Any CPU.ActiveCfg = Release|Any CPU
		{C1E988B7-1A56-4485-8247-9B890BF900BE}.Release|Any CPU.Build.0 = Release|Any CPU
		{C1E988B7-1A56-4485-8247-9B890BF900BE}.Release|x64.ActiveCfg = Release|Any CPU
		{C1E988B7-1A56-4485-8247-9B890BF900BE}.Release|x64.Build.0 = Release|Any CPU
		{C1E988B7-1A56-4485-8247-9B890BF900BE}.Release|x86.ActiveCfg = Release|Any CPU
		{C1E988B7-1A56-4485-8247-9B890BF900BE}.Release|x86.Build.0 = Release|Any CPU
		{4EE9F89F-2FF2-49F5-BC88-B45A69624DD4}.Debug|Any CPU.ActiveCfg = Debug|Any CPU
		{4EE9F89F-2FF2-49F5-BC88-B45A69624DD4}.Debug|Any CPU.Build.0 = Debug|Any CPU
		{4EE9F89F-2FF2-49F5-BC88-B45A69624DD4}.Debug|x64.ActiveCfg = Debug|Any CPU
		{4EE9F89F-2FF2-49F5-BC88-B45A69624DD4}.Debug|x64.Build.0 = Debug|Any CPU
		{4EE9F89F-2FF2-49F5-BC88-B45A69624DD4}.Debug|x86.ActiveCfg = Debug|Any CPU
		{4EE9F89F-2FF2-49F5-BC88-B45A69624DD4}.Debug|x86.Build.0 = Debug|Any CPU
		{4EE9F89F-2FF2-49F5-BC88-B45A69624DD4}.Release|Any CPU.ActiveCfg = Release|Any CPU
		{4EE9F89F-2FF2-49F5-BC88-B45A69624DD4}.Release|Any CPU.Build.0 = Release|Any CPU
		{4EE9F89F-2FF2-49F5-BC88-B45A69624DD4}.Release|x64.ActiveCfg = Release|Any CPU
		{4EE9F89F-2FF2-49F5-BC88-B45A69624DD4}.Release|x64.Build.0 = Release|Any CPU
		{4EE9F89F-2FF2-49F5-BC88-B45A69624DD4}.Release|x86.ActiveCfg = Release|Any CPU
		{4EE9F89F-2FF2-49F5-BC88-B45A69624DD4}.Release|x86.Build.0 = Release|Any CPU
	EndGlobalSection
	GlobalSection(SolutionProperties) = preSolution
		HideSolutionNode = FALSE
	EndGlobalSection
	GlobalSection(ExtensibilityGlobals) = postSolution
		SolutionGuid = {812E2275-3F04-4128-ABCE-5AD0AB5CC4C5}
	EndGlobalSection
EndGlobal
