
Microsoft Visual Studio Solution File, Format Version 12.00
Project("{F2A71F9B-5D33-465A-A702-920D77279786}") = "task_3", "task_3\task_3.fsproj", "{D4B925C4-854E-4CB4-87C9-26500DCFA670}"
EndProject
Project("{F2A71F9B-5D33-465A-A702-920D77279786}") = "task_13", "..\task_13\task_13\task_13.fsproj", "{7BB4EEC7-1243-47AA-8754-3A3840F5F3E8}"
EndProject
Project("{F2A71F9B-5D33-465A-A702-920D77279786}") = "task_23", "..\task_23\task_23.fsproj", "{0E39F3AE-AAB4-40CB-986D-EA16E64BE7E9}"
EndProject
Project("{F2A71F9B-5D33-465A-A702-920D77279786}") = "task_33", "..\task_33\task_33.fsproj", "{101FB687-9820-4D8F-B200-3AB97E31E259}"
EndProject
Project("{F2A71F9B-5D33-465A-A702-920D77279786}") = "task_43", "..\task_43\task_43.fsproj", "{AEFD88AD-68E9-423A-9A07-83916F3EE4F5}"
EndProject
Project("{F2A71F9B-5D33-465A-A702-920D77279786}") = "task_53", "..\task_53\task_53.fsproj", "{AE7C39A6-B82F-4003-886E-9EBB47D3D2D6}"
EndProject
Global
	GlobalSection(SolutionConfigurationPlatforms) = preSolution
		Debug|Any CPU = Debug|Any CPU
		Release|Any CPU = Release|Any CPU
	EndGlobalSection
	GlobalSection(ProjectConfigurationPlatforms) = postSolution
		{D4B925C4-854E-4CB4-87C9-26500DCFA670}.Debug|Any CPU.ActiveCfg = Debug|Any CPU
		{D4B925C4-854E-4CB4-87C9-26500DCFA670}.Debug|Any CPU.Build.0 = Debug|Any CPU
		{D4B925C4-854E-4CB4-87C9-26500DCFA670}.Release|Any CPU.ActiveCfg = Release|Any CPU
		{D4B925C4-854E-4CB4-87C9-26500DCFA670}.Release|Any CPU.Build.0 = Release|Any CPU
		{7BB4EEC7-1243-47AA-8754-3A3840F5F3E8}.Debug|Any CPU.ActiveCfg = Debug|Any CPU
		{7BB4EEC7-1243-47AA-8754-3A3840F5F3E8}.Debug|Any CPU.Build.0 = Debug|Any CPU
		{7BB4EEC7-1243-47AA-8754-3A3840F5F3E8}.Release|Any CPU.ActiveCfg = Release|Any CPU
		{7BB4EEC7-1243-47AA-8754-3A3840F5F3E8}.Release|Any CPU.Build.0 = Release|Any CPU
		{0E39F3AE-AAB4-40CB-986D-EA16E64BE7E9}.Debug|Any CPU.ActiveCfg = Debug|Any CPU
		{0E39F3AE-AAB4-40CB-986D-EA16E64BE7E9}.Debug|Any CPU.Build.0 = Debug|Any CPU
		{0E39F3AE-AAB4-40CB-986D-EA16E64BE7E9}.Release|Any CPU.ActiveCfg = Release|Any CPU
		{0E39F3AE-AAB4-40CB-986D-EA16E64BE7E9}.Release|Any CPU.Build.0 = Release|Any CPU
		{101FB687-9820-4D8F-B200-3AB97E31E259}.Debug|Any CPU.ActiveCfg = Debug|Any CPU
		{101FB687-9820-4D8F-B200-3AB97E31E259}.Debug|Any CPU.Build.0 = Debug|Any CPU
		{101FB687-9820-4D8F-B200-3AB97E31E259}.Release|Any CPU.ActiveCfg = Release|Any CPU
		{101FB687-9820-4D8F-B200-3AB97E31E259}.Release|Any CPU.Build.0 = Release|Any CPU
		{AEFD88AD-68E9-423A-9A07-83916F3EE4F5}.Debug|Any CPU.ActiveCfg = Debug|Any CPU
		{AEFD88AD-68E9-423A-9A07-83916F3EE4F5}.Debug|Any CPU.Build.0 = Debug|Any CPU
		{AEFD88AD-68E9-423A-9A07-83916F3EE4F5}.Release|Any CPU.ActiveCfg = Release|Any CPU
		{AEFD88AD-68E9-423A-9A07-83916F3EE4F5}.Release|Any CPU.Build.0 = Release|Any CPU
		{AE7C39A6-B82F-4003-886E-9EBB47D3D2D6}.Debug|Any CPU.ActiveCfg = Debug|Any CPU
		{AE7C39A6-B82F-4003-886E-9EBB47D3D2D6}.Debug|Any CPU.Build.0 = Debug|Any CPU
		{AE7C39A6-B82F-4003-886E-9EBB47D3D2D6}.Release|Any CPU.ActiveCfg = Release|Any CPU
		{AE7C39A6-B82F-4003-886E-9EBB47D3D2D6}.Release|Any CPU.Build.0 = Release|Any CPU
	EndGlobalSection
EndGlobal
