
Microsoft Visual Studio Solution File, Format Version 12.00
Project("{F2A71F9B-5D33-465A-A702-920D77279786}") = "task_3", "task_3\task_3.fsproj", "{D4B925C4-854E-4CB4-87C9-26500DCFA670}"
EndProject
Project("{F2A71F9B-5D33-465A-A702-920D77279786}") = "task_13", "..\task_13\task_13\task_13.fsproj", "{7BB4EEC7-1243-47AA-8754-3A3840F5F3E8}"
EndProject
Global
	GlobalSection(SolutionConfigurationPlatforms) = preSolution
		Debug|Any CPU = Debug|Any CPU
		Release|Any CPU = Release|Any CPU
	EndGlobalSection
	GlobalSection(ProjectConfigurationPlatforms) = postSolution
		{D4B925C4-854E-4CB4-87C9-26500DCFA670}.Debug|Any CPU.ActiveCfg = Debug|Any CPU
		{D4B925C4-854E-4CB4-87C9-26500DCFA670}.Debug|Any CPU.Build.0 = Debug|Any CPU
		{D4B925C4-854E-4CB4-87C9-26500DCFA670}.Release|Any CPU.ActiveCfg = Release|Any CPU
		{D4B925C4-854E-4CB4-87C9-26500DCFA670}.Release|Any CPU.Build.0 = Release|Any CPU
		{7BB4EEC7-1243-47AA-8754-3A3840F5F3E8}.Debug|Any CPU.ActiveCfg = Debug|Any CPU
		{7BB4EEC7-1243-47AA-8754-3A3840F5F3E8}.Debug|Any CPU.Build.0 = Debug|Any CPU
		{7BB4EEC7-1243-47AA-8754-3A3840F5F3E8}.Release|Any CPU.ActiveCfg = Release|Any CPU
		{7BB4EEC7-1243-47AA-8754-3A3840F5F3E8}.Release|Any CPU.Build.0 = Release|Any CPU
	EndGlobalSection
EndGlobal
